# THIS IS AN AUTOGENERATED FILE. DO NOT EDIT THIS FILE DIRECTLY.
# yarn lockfile v1


cookie@0.3.1:
  version "0.3.1"
  resolved "https://registry.yarnpkg.com/cookie/-/cookie-0.3.1.tgz#e7e0a1f9ef43b4c8ba925c5c5a96e806d16873bb"
  integrity sha1-5+Ch+e9DtMi6klxcWpboBtFoc7s=

homey-log@1.0.6:
  version "1.0.6"
  resolved "https://registry.yarnpkg.com/homey-log/-/homey-log-1.0.6.tgz#228e5b126b7dd68e5485b0d41f9fef2d7a46024f"
  integrity sha512-LFOaByu/E2krWNSGwmoazL4HCSSyLVQMoaBo9mgMxV2YC4lEB15SMov1bqZxUclEJCbnR+YUX9xsnFW5brmIbw==
  dependencies:
    raven "^0.12.3"

json-stringify-safe@5.0.1:
  version "5.0.1"
  resolved "https://registry.yarnpkg.com/json-stringify-safe/-/json-stringify-safe-5.0.1.tgz#1296a2d58fd45f19a0f6ce01d65701e2c735b6eb"
  integrity sha1-Epai1Y/UXxmg9s4B1lcB4sc1tus=

lsmod@1.0.0:
  version "1.0.0"
  resolved "https://registry.yarnpkg.com/lsmod/-/lsmod-1.0.0.tgz#9a00f76dca36eb23fa05350afe1b585d4299e64b"
  integrity sha1-mgD3bco26yP6BTUK/htYXUKZ5ks=

node-fetch@^2.6.0:
  version "2.6.0"
  resolved "https://registry.yarnpkg.com/node-fetch/-/node-fetch-2.6.0.tgz#e633456386d4aa55863f676a7ab0daa8fdecb0fd"
  integrity sha512-8dG4H5ujfvFiqDmVu9fQ5bOHUC15JMjMY/Zumv26oOvvVJjM67KF8koCWIabKQ1GJIa9r2mMZscBq/TbdOcmNA==

raven@^0.12.3:
  version "0.12.3"
  resolved "https://registry.yarnpkg.com/raven/-/raven-0.12.3.tgz#1a70f04a2240d291d83603b40162c4bada71325c"
  integrity sha1-GnDwSiJA0pHYNgO0AWLEutpxMlw=
  dependencies:
    cookie "0.3.1"
    json-stringify-safe "5.0.1"
    lsmod "1.0.0"
    stack-trace "0.0.9"
    uuid "3.0.0"

stack-trace@0.0.9:
  version "0.0.9"
  resolved "https://registry.yarnpkg.com/stack-trace/-/stack-trace-0.0.9.tgz#a8f6eaeca90674c333e7c43953f275b451510695"
  integrity sha1-qPbq7KkGdMMz58Q5U/J1tFFRBpU=

uuid@3.0.0:
  version "3.0.0"
  resolved "https://registry.yarnpkg.com/uuid/-/uuid-3.0.0.tgz#6728fc0459c450d796a99c31837569bdf672d728"
  integrity sha1-Zyj8BFnEUNeWqZwxg3VpvfZy1yg=
